<?xml version="1.0" encoding="utf-8"?>
<Project ToolsVersion="4.0" xmlns="http://schemas.microsoft.com/developer/msbuild/2003">
  <ItemGroup>
    <Filter Include="Source Files">
      <UniqueIdentifier>{62a80575-577f-4301-96bb-65f076fb3204}</UniqueIdentifier>
      <Extensions>cpp;c;cxx;rc;def;r;odl;idl;hpj;bat</Extensions>
    </Filter>
    <Filter Include="Header Files">
      <UniqueIdentifier>{b41cf1c0-f94b-4f7a-ac1b-d5cab33c79ac}</UniqueIdentifier>
      <Extensions>h;hpp;hxx;hm;inl</Extensions>
    </Filter>
    <Filter Include="Resource Files">
      <UniqueIdentifier>{938ddd37-bb5a-43b0-af8e-2fac667c230b}</UniqueIdentifier>
      <Extensions>ico;cur;bmp;dlg;rc2;rct;bin;rgs;gif;jpg;jpeg;jpe</Extensions>
    </Filter>
  </ItemGroup>
  <ItemGroup>
    <ClCompile Include="main.cpp">
      <Filter>Source Files</Filter>
    </ClCompile>
    <ClCompile Include="sub.cpp">
      <Filter>Source Files</Filter>
    </ClCompile>
    <ClCompile Include="top.cpp">
      <Filter>Source Files</Filter>
    </ClCompile>
    <ClCompile Include="..\..\xsc\bsm.cpp">
      <Filter>Source Files</Filter>
    </ClCompile>
  </ItemGroup>
  <ItemGroup>
    <ClInclude Include="sub.h">
      <Filter>Header Files</Filter>
    </ClInclude>
    <ClInclude Include="top.h">
      <Filter>Header Files</Filter>
    </ClInclude>
    <ClInclude Include="..\..\xsc\bsm.h">
      <Filter>Header Files</Filter>
    </ClInclude>
  </ItemGroup>
</Project>